%{
  "erlport": {:hex, :erlport, "0.10.1", "c96ffa51bbcab0298232fcdfe8c3e110f1598011de71ae6b9082b80c9e2e476a", [:rebar3], [], "hexpm"},
  "jason": {:hex, :jason, "1.1.2", "b03dedea67a99223a2eaf9f1264ce37154564de899fd3d8b9a21b1a6fd64afe7", [:mix], [{:decimal, "~> 1.0", [hex: :decimal, repo: "hexpm", optional: true]}], "hexpm"},
  "poison": {:hex, :poison, "3.1.0", "d9eb636610e096f86f25d9a46f35a9facac35609a7591b3be3326e99a0484665", [:mix], [], "hexpm"},
  "talib": {:hex, :talib, "0.3.5", "2458f914d99b0ec24683824265592ed7617c6aeeef437f6178f1a38c2cb5dc45", [:mix], [], "hexpm"},
}
